
Microsoft Visual Studio Solution File, Format Version 12.00
# Visual Studio Version 16
VisualStudioVersion = 16.0.29613.14
MinimumVisualStudioVersion = 10.0.40219.1
Project("{FAE04EC0-301F-11D3-BF4B-00C04F79EFBC}") = "SelectAllSample", "SelectAllSample\SelectAllSample.csproj", "{D99CE59D-C67A-4366-B9D5-E0BCE3786527}"
EndProject
Global
	GlobalSection(SolutionConfigurationPlatforms) = preSolution
		Debug|Any CPU = Debug|Any CPU
		Release|Any CPU = Release|Any CPU
	EndGlobalSection
	GlobalSection(ProjectConfigurationPlatforms) = postSolution
		{D99CE59D-C67A-4366-B9D5-E0BCE3786527}.Debug|Any CPU.ActiveCfg = Debug|Any CPU
		{D99CE59D-C67A-4366-B9D5-E0BCE3786527}.Debug|Any CPU.Build.0 = Debug|Any CPU
		{D99CE59D-C67A-4366-B9D5-E0BCE3786527}.Release|Any CPU.ActiveCfg = Release|Any CPU
		{D99CE59D-C67A-4366-B9D5-E0BCE3786527}.Release|Any CPU.Build.0 = Release|Any CPU
	EndGlobalSection
	GlobalSection(SolutionProperties) = preSolution
		HideSolutionNode = FALSE
	EndGlobalSection
	GlobalSection(ExtensibilityGlobals) = postSolution
		SolutionGuid = {15AEF964-9064-4AAA-A844-434E28EC3F8F}
	EndGlobalSection
EndGlobal
